// !$*UTF8*$!
{
	archiveVersion = 1;
	classes = {
	};
	objectVersion = 46;
	objects = {

/* Begin PBXBuildFile section */
		8C39930A48DE2DF029047936 /* Main.storyboard in Resources */ = {isa = PBXBuildFile; fileRef = 8C399C2C8DE2A4D35E5F4EE7 /* Main.storyboard */; };
		8C3993AE4E421897E2172E1A /* AppDelegate.swift in Sources */ = {isa = PBXBuildFile; fileRef = 8C3992493C169FEA29F790EE /* AppDelegate.swift */; };
		8C3996B9851CD091FC41A3ED /* ViewController.swift in Sources */ = {isa = PBXBuildFile; fileRef = 8C399036DA32709239CCEBB1 /* ViewController.swift */; };
		8C3998D1CF507188614007E8 /* WackathonTests.swift in Sources */ = {isa = PBXBuildFile; fileRef = 8C3994E642D3D5521ECABEB2 /* WackathonTests.swift */; };
		8C399A461E26EB6FD55B2C02 /* LaunchScreen.xib in Resources */ = {isa = PBXBuildFile; fileRef = 8C399DE8A8AAC03E889E825E /* LaunchScreen.xib */; };
		8C399FD007A12402E9F7F9CD /* Images.xcassets in Resources */ = {isa = PBXBuildFile; fileRef = 8C3996DB9D53903AE7568465 /* Images.xcassets */; };
		8CFB1F881A144173006059A4 /* CoreMotion.framework in Frameworks */ = {isa = PBXBuildFile; fileRef = 8CFB1F871A144173006059A4 /* CoreMotion.framework */; };
/* End PBXBuildFile section */

/* Begin PBXContainerItemProxy section */
		8C3995F28D8C613B7F9AF52E /* PBXContainerItemProxy */ = {
			isa = PBXContainerItemProxy;
			containerPortal = 8C39972113EB04F9BA612EE7 /* Project object */;
			proxyType = 1;
			remoteGlobalIDString = 8C399132133A3EC2B022E5BE;
			remoteInfo = Wackathon;
		};
/* End PBXContainerItemProxy section */

/* Begin PBXFileReference section */
		8C399036DA32709239CCEBB1 /* ViewController.swift */ = {isa = PBXFileReference; lastKnownFileType = sourcecode.swift; path = ViewController.swift; sourceTree = "<group>"; };
		8C39915BAE55B0888E7B62AA /* Info.plist */ = {isa = PBXFileReference; lastKnownFileType = text.plist.info; path = Info.plist; sourceTree = "<group>"; };
		8C3992493C169FEA29F790EE /* AppDelegate.swift */ = {isa = PBXFileReference; lastKnownFileType = sourcecode.swift; path = AppDelegate.swift; sourceTree = "<group>"; };
		8C3994E642D3D5521ECABEB2 /* WackathonTests.swift */ = {isa = PBXFileReference; lastKnownFileType = sourcecode.swift; path = WackathonTests.swift; sourceTree = "<group>"; };
		8C399612C86876523EDCAD89 /* WackathonTests.xctest */ = {isa = PBXFileReference; explicitFileType = wrapper.cfbundle; includeInIndex = 0; path = WackathonTests.xctest; sourceTree = BUILT_PRODUCTS_DIR; };
		8C3996C8991E68218444627B /* Base */ = {isa = PBXFileReference; lastKnownFileType = file.storyboard; name = Base; path = Base.lproj/Main.storyboard; sourceTree = "<group>"; };
		8C3996DB9D53903AE7568465 /* Images.xcassets */ = {isa = PBXFileReference; lastKnownFileType = folder.assetcatalog; path = Images.xcassets; sourceTree = "<group>"; };
		8C399714CD876B97E66484B6 /* Wackathon.app */ = {isa = PBXFileReference; explicitFileType = wrapper.application; includeInIndex = 0; path = Wackathon.app; sourceTree = BUILT_PRODUCTS_DIR; };
		8C399A9CA83478CCDE0E38D8 /* Info.plist */ = {isa = PBXFileReference; lastKnownFileType = text.plist.info; path = Info.plist; sourceTree = "<group>"; };
		8C399CC0650A978F21596424 /* Base */ = {isa = PBXFileReference; lastKnownFileType = file.xib; name = Base; path = Base.lproj/LaunchScreen.xib; sourceTree = "<group>"; };
		8CFB1F871A144173006059A4 /* CoreMotion.framework */ = {isa = PBXFileReference; lastKnownFileType = wrapper.framework; name = CoreMotion.framework; path = System/Library/Frameworks/CoreMotion.framework; sourceTree = SDKROOT; };
/* End PBXFileReference section */

/* Begin PBXFrameworksBuildPhase section */
		8C3991AF2340E5D885838D64 /* Frameworks */ = {
			isa = PBXFrameworksBuildPhase;
			buildActionMask = 2147483647;
			files = (
				8CFB1F881A144173006059A4 /* CoreMotion.framework in Frameworks */,
			);
			runOnlyForDeploymentPostprocessing = 0;
		};
		8C399517D522091803BB8E14 /* Frameworks */ = {
			isa = PBXFrameworksBuildPhase;
			buildActionMask = 2147483647;
			files = (
			);
			runOnlyForDeploymentPostprocessing = 0;
		};
/* End PBXFrameworksBuildPhase section */

/* Begin PBXGroup section */
		8C3990FEFB6BB280BA94EE20 /* WackathonTests */ = {
			isa = PBXGroup;
			children = (
				8C399D39D4B7D4EDAE802E34 /* Supporting Files */,
				8C3994E642D3D5521ECABEB2 /* WackathonTests.swift */,
			);
			path = WackathonTests;
			sourceTree = "<group>";
		};
		8C399288EB8B27F54456550D /* Supporting Files */ = {
			isa = PBXGroup;
			children = (
				8C399A9CA83478CCDE0E38D8 /* Info.plist */,
			);
			name = "Supporting Files";
			sourceTree = "<group>";
		};
		8C3998FE7EA786394FFC2E56 = {
			isa = PBXGroup;
			children = (
				8CFB1F871A144173006059A4 /* CoreMotion.framework */,
				8C399B4DB833D6AF1BDFA337 /* Products */,
				8C399BDFCF13B5ECE712041A /* Wackathon */,
				8C3990FEFB6BB280BA94EE20 /* WackathonTests */,
			);
			sourceTree = "<group>";
		};
		8C399B4DB833D6AF1BDFA337 /* Products */ = {
			isa = PBXGroup;
			children = (
				8C399714CD876B97E66484B6 /* Wackathon.app */,
				8C399612C86876523EDCAD89 /* WackathonTests.xctest */,
			);
			name = Products;
			sourceTree = "<group>";
		};
		8C399BDFCF13B5ECE712041A /* Wackathon */ = {
			isa = PBXGroup;
			children = (
				8C399288EB8B27F54456550D /* Supporting Files */,
				8C3996DB9D53903AE7568465 /* Images.xcassets */,
				8C399DE8A8AAC03E889E825E /* LaunchScreen.xib */,
				8C3992493C169FEA29F790EE /* AppDelegate.swift */,
				8C399C2C8DE2A4D35E5F4EE7 /* Main.storyboard */,
				8C399036DA32709239CCEBB1 /* ViewController.swift */,
			);
			path = Wackathon;
			sourceTree = "<group>";
		};
		8C399D39D4B7D4EDAE802E34 /* Supporting Files */ = {
			isa = PBXGroup;
			children = (
				8C39915BAE55B0888E7B62AA /* Info.plist */,
			);
			name = "Supporting Files";
			sourceTree = "<group>";
		};
/* End PBXGroup section */

/* Begin PBXNativeTarget section */
		8C399132133A3EC2B022E5BE /* Wackathon */ = {
			isa = PBXNativeTarget;
			buildConfigurationList = 8C3993FA4BEE93EA6BE442FC /* Build configuration list for PBXNativeTarget "Wackathon" */;
			buildPhases = (
				8C399C372A2239C199149D51 /* Sources */,
				8C3991AF2340E5D885838D64 /* Frameworks */,
				8C399B745A2F3AEF84BB0AAF /* Resources */,
			);
			buildRules = (
			);
			dependencies = (
			);
			name = Wackathon;
			productName = Wackathon;
			productReference = 8C399714CD876B97E66484B6 /* Wackathon.app */;
			productType = "com.apple.product-type.application";
		};
		8C399E75B3B6878826F2AE71 /* WackathonTests */ = {
			isa = PBXNativeTarget;
			buildConfigurationList = 8C399D4DB1791E9E5404C424 /* Build configuration list for PBXNativeTarget "WackathonTests" */;
			buildPhases = (
				8C399D67CC1E3FA054CD8640 /* Sources */,
				8C399517D522091803BB8E14 /* Frameworks */,
				8C399E7A9541C03C78111FE6 /* Resources */,
			);
			buildRules = (
			);
			dependencies = (
				8C399D2435B293299D1B749D /* PBXTargetDependency */,
			);
			name = WackathonTests;
			productName = WackathonTests;
			productReference = 8C399612C86876523EDCAD89 /* WackathonTests.xctest */;
			productType = "com.apple.product-type.bundle.unit-test";
		};
/* End PBXNativeTarget section */

/* Begin PBXProject section */
		8C39972113EB04F9BA612EE7 /* Project object */ = {
			isa = PBXProject;
			attributes = {
				ORGANIZATIONNAME = LuqSean;
				TargetAttributes = {
					8C399132133A3EC2B022E5BE = {
						DevelopmentTeam = 86ZR44WS4J;
					};
				};
			};
			buildConfigurationList = 8C399933BBB35D43A4287B18 /* Build configuration list for PBXProject "Wackathon" */;
			compatibilityVersion = "Xcode 3.2";
			developmentRegion = English;
			hasScannedForEncodings = 0;
			knownRegions = (
				en,
			);
			mainGroup = 8C3998FE7EA786394FFC2E56;
			productRefGroup = 8C399B4DB833D6AF1BDFA337 /* Products */;
			projectDirPath = "";
			projectRoot = "";
			targets = (
				8C399132133A3EC2B022E5BE /* Wackathon */,
				8C399E75B3B6878826F2AE71 /* WackathonTests */,
			);
		};
/* End PBXProject section */

/* Begin PBXResourcesBuildPhase section */
		8C399B745A2F3AEF84BB0AAF /* Resources */ = {
			isa = PBXResourcesBuildPhase;
			buildActionMask = 2147483647;
			files = (
				8C399FD007A12402E9F7F9CD /* Images.xcassets in Resources */,
				8C399A461E26EB6FD55B2C02 /* LaunchScreen.xib in Resources */,
				8C39930A48DE2DF029047936 /* Main.storyboard in Resources */,
			);
			runOnlyForDeploymentPostprocessing = 0;
		};
		8C399E7A9541C03C78111FE6 /* Resources */ = {
			isa = PBXResourcesBuildPhase;
			buildActionMask = 2147483647;
			files = (
			);
			runOnlyForDeploymentPostprocessing = 0;
		};
/* End PBXResourcesBuildPhase section */

/* Begin PBXSourcesBuildPhase section */
		8C399C372A2239C199149D51 /* Sources */ = {
			isa = PBXSourcesBuildPhase;
			buildActionMask = 2147483647;
			files = (
				8C3993AE4E421897E2172E1A /* AppDelegate.swift in Sources */,
				8C3996B9851CD091FC41A3ED /* ViewController.swift in Sources */,
			);
			runOnlyForDeploymentPostprocessing = 0;
		};
		8C399D67CC1E3FA054CD8640 /* Sources */ = {
			isa = PBXSourcesBuildPhase;
			buildActionMask = 2147483647;
			files = (
				8C3998D1CF507188614007E8 /* WackathonTests.swift in Sources */,
			);
			runOnlyForDeploymentPostprocessing = 0;
		};
/* End PBXSourcesBuildPhase section */

/* Begin PBXTargetDependency section */
		8C399D2435B293299D1B749D /* PBXTargetDependency */ = {
			isa = PBXTargetDependency;
			target = 8C399132133A3EC2B022E5BE /* Wackathon */;
			targetProxy = 8C3995F28D8C613B7F9AF52E /* PBXContainerItemProxy */;
		};
/* End PBXTargetDependency section */

/* Begin PBXVariantGroup section */
		8C399C2C8DE2A4D35E5F4EE7 /* Main.storyboard */ = {
			isa = PBXVariantGroup;
			children = (
				8C3996C8991E68218444627B /* Base */,
			);
			name = Main.storyboard;
			sourceTree = "<group>";
		};
		8C399DE8A8AAC03E889E825E /* LaunchScreen.xib */ = {
			isa = PBXVariantGroup;
			children = (
				8C399CC0650A978F21596424 /* Base */,
			);
			name = LaunchScreen.xib;
			sourceTree = "<group>";
		};
/* End PBXVariantGroup section */

/* Begin XCBuildConfiguration section */
		8C3991A8B4841F8202C57172 /* Release */ = {
			isa = XCBuildConfiguration;
			buildSettings = {
				ALWAYS_SEARCH_USER_PATHS = NO;
				CLANG_CXX_LANGUAGE_STANDARD = "gnu++0x";
				CLANG_CXX_LIBRARY = "libc++";
				CLANG_ENABLE_MODULES = YES;
				CLANG_ENABLE_OBJC_ARC = YES;
				CLANG_WARN_BOOL_CONVERSION = YES;
				CLANG_WARN_CONSTANT_CONVERSION = YES;
				CLANG_WARN_DIRECT_OBJC_ISA_USAGE = YES_ERROR;
				CLANG_WARN_EMPTY_BODY = YES;
				CLANG_WARN_ENUM_CONVERSION = YES;
				CLANG_WARN_INT_CONVERSION = YES;
				CLANG_WARN_OBJC_ROOT_CLASS = YES_ERROR;
				CLANG_WARN_UNREACHABLE_CODE = YES;
				CLANG_WARN__DUPLICATE_METHOD_MATCH = YES;
				"CODE_SIGN_IDENTITY[sdk=iphoneos*]" = "iPhone Developer";
				COPY_PHASE_STRIP = YES;
				ENABLE_NS_ASSERTIONS = NO;
				ENABLE_STRICT_OBJC_MSGSEND = YES;
				GCC_C_LANGUAGE_STANDARD = gnu99;
				GCC_WARN_64_TO_32_BIT_CONVERSION = YES;
				GCC_WARN_ABOUT_RETURN_TYPE = YES_ERROR;
				GCC_WARN_UNDECLARED_SELECTOR = YES;
				GCC_WARN_UNINITIALIZED_AUTOS = YES_AGGRESSIVE;
				GCC_WARN_UNUSED_FUNCTION = YES;
				GCC_WARN_UNUSED_VARIABLE = YES;
				IPHONEOS_DEPLOYMENT_TARGET = 8.0;
				MTL_ENABLE_DEBUG_INFO = NO;
				SDKROOT = iphoneos;
				TARGETED_DEVICE_FAMILY = "1,2";
				VALIDATE_PRODUCT = YES;
			};
			name = Release;
		};
		8C399365ECD4E49A04329E6A /* Debug */ = {
			isa = XCBuildConfiguration;
			buildSettings = {
				ALWAYS_SEARCH_USER_PATHS = NO;
				CLANG_CXX_LANGUAGE_STANDARD = "gnu++0x";
				CLANG_CXX_LIBRARY = "libc++";
				CLANG_ENABLE_MODULES = YES;
				CLANG_ENABLE_OBJC_ARC = YES;
				CLANG_WARN_BOOL_CONVERSION = YES;
				CLANG_WARN_CONSTANT_CONVERSION = YES;
				CLANG_WARN_DIRECT_OBJC_ISA_USAGE = YES_ERROR;
				CLANG_WARN_EMPTY_BODY = YES;
				CLANG_WARN_ENUM_CONVERSION = YES;
				CLANG_WARN_INT_CONVERSION = YES;
				CLANG_WARN_OBJC_ROOT_CLASS = YES_ERROR;
				CLANG_WARN_UNREACHABLE_CODE = YES;
				CLANG_WARN__DUPLICATE_METHOD_MATCH = YES;
				"CODE_SIGN_IDENTITY[sdk=iphoneos*]" = "iPhone Developer";
				COPY_PHASE_STRIP = NO;
				ENABLE_STRICT_OBJC_MSGSEND = YES;
				GCC_C_LANGUAGE_STANDARD = gnu99;
				GCC_DYNAMIC_NO_PIC = NO;
				GCC_OPTIMIZATION_LEVEL = 0;
				GCC_PREPROCESSOR_DEFINITIONS = (
					"DEBUG=1",
					"$(inherited)",
				);
				GCC_SYMBOLS_PRIVATE_EXTERN = NO;
				GCC_WARN_64_TO_32_BIT_CONVERSION = YES;
				GCC_WARN_ABOUT_RETURN_TYPE = YES_ERROR;
				GCC_WARN_UNDECLARED_SELECTOR = YES;
				GCC_WARN_UNINITIALIZED_AUTOS = YES_AGGRESSIVE;
				GCC_WARN_UNUSED_FUNCTION = YES;
				GCC_WARN_UNUSED_VARIABLE = YES;
				IPHONEOS_DEPLOYMENT_TARGET = 8.0;
				MTL_ENABLE_DEBUG_INFO = YES;
				ONLY_ACTIVE_ARCH = YES;
				SDKROOT = iphoneos;
				SWIFT_OPTIMIZATION_LEVEL = "-Onone";
				TARGETED_DEVICE_FAMILY = "1,2";
			};
			name = Debug;
		};
		8C39966F9288E11E059AB99F /* Release */ = {
			isa = XCBuildConfiguration;
			buildSettings = {
				ASSETCATALOG_COMPILER_APPICON_NAME = AppIcon;
				CODE_SIGN_IDENTITY = "iPhone Developer";
				"CODE_SIGN_IDENTITY[sdk=iphoneos*]" = "iPhone Developer";
				INFOPLIST_FILE = Wackathon/Info.plist;
				LD_RUNPATH_SEARCH_PATHS = "$(inherited) @executable_path/Frameworks";
				PRODUCT_NAME = "$(TARGET_NAME)";
				PROVISIONING_PROFILE = "";
			};
			name = Release;
		};
		8C39979B27EB7B3A445733AC /* Debug */ = {
			isa = XCBuildConfiguration;
			buildSettings = {
				BUNDLE_LOADER = "$(BUILT_PRODUCTS_DIR)/Wackathon.app/Wackathon";
				FRAMEWORK_SEARCH_PATHS = (
					"$(SDKROOT)/Developer/Library/Frameworks",
					"$(inherited)",
				);
				INFOPLIST_FILE = WackathonTests/Info.plist;
				LD_RUNPATH_SEARCH_PATHS = "$(inherited) @executable_path/Frameworks @loader_path/Frameworks";
				PRODUCT_NAME = "$(TARGET_NAME)";
				TEST_HOST = "$(BUNDLE_LOADER)";
			};
			name = Debug;
		};
		8C3997A4029DA756860EA25A /* Debug */ = {
			isa = XCBuildConfiguration;
			buildSettings = {
				ASSETCATALOG_COMPILER_APPICON_NAME = AppIcon;
				CODE_SIGN_IDENTITY = "iPhone Developer";
				"CODE_SIGN_IDENTITY[sdk=iphoneos*]" = "iPhone Developer";
				INFOPLIST_FILE = Wackathon/Info.plist;
				LD_RUNPATH_SEARCH_PATHS = "$(inherited) @executable_path/Frameworks";
				PRODUCT_NAME = "$(TARGET_NAME)";
				PROVISIONING_PROFILE = "";
			};
			name = Debug;
		};
		8C399CB29EC5ED950B167CB1 /* Release */ = {
			isa = XCBuildConfiguration;
			buildSettings = {
				BUNDLE_LOADER = "$(BUILT_PRODUCTS_DIR)/Wackathon.app/Wackathon";
				FRAMEWORK_SEARCH_PATHS = (
					"$(SDKROOT)/Developer/Library/Frameworks",
					"$(inherited)",
				);
				INFOPLIST_FILE = WackathonTests/Info.plist;
				LD_RUNPATH_SEARCH_PATHS = "$(inherited) @executable_path/Frameworks @loader_path/Frameworks";
				PRODUCT_NAME = "$(TARGET_NAME)";
				TEST_HOST = "$(BUNDLE_LOADER)";
			};
			name = Release;
		};
/* End XCBuildConfiguration section */

/* Begin XCConfigurationList section */
		8C3993FA4BEE93EA6BE442FC /* Build configuration list for PBXNativeTarget "Wackathon" */ = {
			isa = XCConfigurationList;
			buildConfigurations = (
				8C3997A4029DA756860EA25A /* Debug */,
				8C39966F9288E11E059AB99F /* Release */,
			);
			defaultConfigurationIsVisible = 0;
			defaultConfigurationName = Release;
		};
		8C399933BBB35D43A4287B18 /* Build configuration list for PBXProject "Wackathon" */ = {
			isa = XCConfigurationList;
			buildConfigurations = (
				8C399365ECD4E49A04329E6A /* Debug */,
				8C3991A8B4841F8202C57172 /* Release */,
			);
			defaultConfigurationIsVisible = 0;
			defaultConfigurationName = Release;
		};
		8C399D4DB1791E9E5404C424 /* Build configuration list for PBXNativeTarget "WackathonTests" */ = {
			isa = XCConfigurationList;
			buildConfigurations = (
				8C39979B27EB7B3A445733AC /* Debug */,
				8C399CB29EC5ED950B167CB1 /* Release */,
			);
			defaultConfigurationIsVisible = 0;
			defaultConfigurationName = Release;
		};
/* End XCConfigurationList section */
	};
	rootObject = 8C39972113EB04F9BA612EE7 /* Project object */;
}
